
Microsoft Visual Studio Solution File, Format Version 12.00
# Visual Studio Version 16
VisualStudioVersion = 16.0.30225.117
MinimumVisualStudioVersion = 10.0.40219.1
Project("{FAE04EC0-301F-11D3-BF4B-00C04F79EFBC}") = "App4.UWP", "App4\App4.UWP\App4.UWP.csproj", "{8DDA0477-9288-4078-8A4D-4F2F83372A01}"
EndProject
Project("{FAE04EC0-301F-11D3-BF4B-00C04F79EFBC}") = "App4.Android", "App4\App4.Android\App4.Android.csproj", "{92A89066-8156-444B-BB65-2547BC639846}"
EndProject
Project("{FAE04EC0-301F-11D3-BF4B-00C04F79EFBC}") = "App4.Web", "App4\App4.Web\App4.Web.csproj", "{D60F6546-6FA1-46B3-9FA5-D98654848132}"
EndProject
Project("{FAE04EC0-301F-11D3-BF4B-00C04F79EFBC}") = "App4", "App4\App4\App4.csproj", "{C4A906AC-C828-4ACE-8DB2-11876F619DE1}"
EndProject
Global
	GlobalSection(SolutionConfigurationPlatforms) = preSolution
		Debug|Any CPU = Debug|Any CPU
		Debug|ARM = Debug|ARM
		Debug|x64 = Debug|x64
		Debug|x86 = Debug|x86
		Release|Any CPU = Release|Any CPU
		Release|ARM = Release|ARM
		Release|x64 = Release|x64
		Release|x86 = Release|x86
	EndGlobalSection
	GlobalSection(ProjectConfigurationPlatforms) = postSolution
		{8DDA0477-9288-4078-8A4D-4F2F83372A01}.Debug|Any CPU.ActiveCfg = Debug|x86
		{8DDA0477-9288-4078-8A4D-4F2F83372A01}.Debug|Any CPU.Build.0 = Debug|x86
		{8DDA0477-9288-4078-8A4D-4F2F83372A01}.Debug|Any CPU.Deploy.0 = Debug|x86
		{8DDA0477-9288-4078-8A4D-4F2F83372A01}.Debug|ARM.ActiveCfg = Debug|ARM
		{8DDA0477-9288-4078-8A4D-4F2F83372A01}.Debug|ARM.Build.0 = Debug|ARM
		{8DDA0477-9288-4078-8A4D-4F2F83372A01}.Debug|ARM.Deploy.0 = Debug|ARM
		{8DDA0477-9288-4078-8A4D-4F2F83372A01}.Debug|x64.ActiveCfg = Debug|x64
		{8DDA0477-9288-4078-8A4D-4F2F83372A01}.Debug|x64.Build.0 = Debug|x64
		{8DDA0477-9288-4078-8A4D-4F2F83372A01}.Debug|x64.Deploy.0 = Debug|x64
		{8DDA0477-9288-4078-8A4D-4F2F83372A01}.Debug|x86.ActiveCfg = Debug|x86
		{8DDA0477-9288-4078-8A4D-4F2F83372A01}.Debug|x86.Build.0 = Debug|x86
		{8DDA0477-9288-4078-8A4D-4F2F83372A01}.Debug|x86.Deploy.0 = Debug|x86
		{8DDA0477-9288-4078-8A4D-4F2F83372A01}.Release|Any CPU.ActiveCfg = Release|x86
		{8DDA0477-9288-4078-8A4D-4F2F83372A01}.Release|Any CPU.Build.0 = Release|x86
		{8DDA0477-9288-4078-8A4D-4F2F83372A01}.Release|Any CPU.Deploy.0 = Release|x86
		{8DDA0477-9288-4078-8A4D-4F2F83372A01}.Release|ARM.ActiveCfg = Release|ARM
		{8DDA0477-9288-4078-8A4D-4F2F83372A01}.Release|ARM.Build.0 = Release|ARM
		{8DDA0477-9288-4078-8A4D-4F2F83372A01}.Release|ARM.Deploy.0 = Release|ARM
		{8DDA0477-9288-4078-8A4D-4F2F83372A01}.Release|x64.ActiveCfg = Release|x64
		{8DDA0477-9288-4078-8A4D-4F2F83372A01}.Release|x64.Build.0 = Release|x64
		{8DDA0477-9288-4078-8A4D-4F2F83372A01}.Release|x64.Deploy.0 = Release|x64
		{8DDA0477-9288-4078-8A4D-4F2F83372A01}.Release|x86.ActiveCfg = Release|x86
		{8DDA0477-9288-4078-8A4D-4F2F83372A01}.Release|x86.Build.0 = Release|x86
		{8DDA0477-9288-4078-8A4D-4F2F83372A01}.Release|x86.Deploy.0 = Release|x86
		{92A89066-8156-444B-BB65-2547BC639846}.Debug|Any CPU.ActiveCfg = Debug|Any CPU
		{92A89066-8156-444B-BB65-2547BC639846}.Debug|Any CPU.Build.0 = Debug|Any CPU
		{92A89066-8156-444B-BB65-2547BC639846}.Debug|Any CPU.Deploy.0 = Debug|Any CPU
		{92A89066-8156-444B-BB65-2547BC639846}.Debug|ARM.ActiveCfg = Debug|Any CPU
		{92A89066-8156-444B-BB65-2547BC639846}.Debug|ARM.Build.0 = Debug|Any CPU
		{92A89066-8156-444B-BB65-2547BC639846}.Debug|ARM.Deploy.0 = Debug|Any CPU
		{92A89066-8156-444B-BB65-2547BC639846}.Debug|x64.ActiveCfg = Debug|Any CPU
		{92A89066-8156-444B-BB65-2547BC639846}.Debug|x64.Build.0 = Debug|Any CPU
		{92A89066-8156-444B-BB65-2547BC639846}.Debug|x64.Deploy.0 = Debug|Any CPU
		{92A89066-8156-444B-BB65-2547BC639846}.Debug|x86.ActiveCfg = Debug|Any CPU
		{92A89066-8156-444B-BB65-2547BC639846}.Debug|x86.Build.0 = Debug|Any CPU
		{92A89066-8156-444B-BB65-2547BC639846}.Debug|x86.Deploy.0 = Debug|Any CPU
		{92A89066-8156-444B-BB65-2547BC639846}.Release|Any CPU.ActiveCfg = Release|Any CPU
		{92A89066-8156-444B-BB65-2547BC639846}.Release|Any CPU.Build.0 = Release|Any CPU
		{92A89066-8156-444B-BB65-2547BC639846}.Release|Any CPU.Deploy.0 = Release|Any CPU
		{92A89066-8156-444B-BB65-2547BC639846}.Release|ARM.ActiveCfg = Release|Any CPU
		{92A89066-8156-444B-BB65-2547BC639846}.Release|ARM.Build.0 = Release|Any CPU
		{92A89066-8156-444B-BB65-2547BC639846}.Release|ARM.Deploy.0 = Release|Any CPU
		{92A89066-8156-444B-BB65-2547BC639846}.Release|x64.ActiveCfg = Release|Any CPU
		{92A89066-8156-444B-BB65-2547BC639846}.Release|x64.Build.0 = Release|Any CPU
		{92A89066-8156-444B-BB65-2547BC639846}.Release|x64.Deploy.0 = Release|Any CPU
		{92A89066-8156-444B-BB65-2547BC639846}.Release|x86.ActiveCfg = Release|Any CPU
		{92A89066-8156-444B-BB65-2547BC639846}.Release|x86.Build.0 = Release|Any CPU
		{92A89066-8156-444B-BB65-2547BC639846}.Release|x86.Deploy.0 = Release|Any CPU
		{D60F6546-6FA1-46B3-9FA5-D98654848132}.Debug|Any CPU.ActiveCfg = Debug|Any CPU
		{D60F6546-6FA1-46B3-9FA5-D98654848132}.Debug|Any CPU.Build.0 = Debug|Any CPU
		{D60F6546-6FA1-46B3-9FA5-D98654848132}.Debug|Any CPU.Deploy.0 = Debug|Any CPU
		{D60F6546-6FA1-46B3-9FA5-D98654848132}.Debug|ARM.ActiveCfg = Debug|Any CPU
		{D60F6546-6FA1-46B3-9FA5-D98654848132}.Debug|ARM.Build.0 = Debug|Any CPU
		{D60F6546-6FA1-46B3-9FA5-D98654848132}.Debug|ARM.Deploy.0 = Debug|Any CPU
		{D60F6546-6FA1-46B3-9FA5-D98654848132}.Debug|x64.ActiveCfg = Debug|Any CPU
		{D60F6546-6FA1-46B3-9FA5-D98654848132}.Debug|x64.Build.0 = Debug|Any CPU
		{D60F6546-6FA1-46B3-9FA5-D98654848132}.Debug|x64.Deploy.0 = Debug|Any CPU
		{D60F6546-6FA1-46B3-9FA5-D98654848132}.Debug|x86.ActiveCfg = Debug|Any CPU
		{D60F6546-6FA1-46B3-9FA5-D98654848132}.Debug|x86.Build.0 = Debug|Any CPU
		{D60F6546-6FA1-46B3-9FA5-D98654848132}.Debug|x86.Deploy.0 = Debug|Any CPU
		{D60F6546-6FA1-46B3-9FA5-D98654848132}.Release|Any CPU.ActiveCfg = Release|Any CPU
		{D60F6546-6FA1-46B3-9FA5-D98654848132}.Release|Any CPU.Build.0 = Release|Any CPU
		{D60F6546-6FA1-46B3-9FA5-D98654848132}.Release|Any CPU.Deploy.0 = Release|Any CPU
		{D60F6546-6FA1-46B3-9FA5-D98654848132}.Release|ARM.ActiveCfg = Release|Any CPU
		{D60F6546-6FA1-46B3-9FA5-D98654848132}.Release|ARM.Build.0 = Release|Any CPU
		{D60F6546-6FA1-46B3-9FA5-D98654848132}.Release|ARM.Deploy.0 = Release|Any CPU
		{D60F6546-6FA1-46B3-9FA5-D98654848132}.Release|x64.ActiveCfg = Release|Any CPU
		{D60F6546-6FA1-46B3-9FA5-D98654848132}.Release|x64.Build.0 = Release|Any CPU
		{D60F6546-6FA1-46B3-9FA5-D98654848132}.Release|x64.Deploy.0 = Release|Any CPU
		{D60F6546-6FA1-46B3-9FA5-D98654848132}.Release|x86.ActiveCfg = Release|Any CPU
		{D60F6546-6FA1-46B3-9FA5-D98654848132}.Release|x86.Build.0 = Release|Any CPU
		{D60F6546-6FA1-46B3-9FA5-D98654848132}.Release|x86.Deploy.0 = Release|Any CPU
		{C4A906AC-C828-4ACE-8DB2-11876F619DE1}.Debug|Any CPU.ActiveCfg = Debug|Any CPU
		{C4A906AC-C828-4ACE-8DB2-11876F619DE1}.Debug|Any CPU.Build.0 = Debug|Any CPU
		{C4A906AC-C828-4ACE-8DB2-11876F619DE1}.Debug|Any CPU.Deploy.0 = Debug|Any CPU
		{C4A906AC-C828-4ACE-8DB2-11876F619DE1}.Debug|ARM.ActiveCfg = Debug|Any CPU
		{C4A906AC-C828-4ACE-8DB2-11876F619DE1}.Debug|ARM.Build.0 = Debug|Any CPU
		{C4A906AC-C828-4ACE-8DB2-11876F619DE1}.Debug|ARM.Deploy.0 = Debug|Any CPU
		{C4A906AC-C828-4ACE-8DB2-11876F619DE1}.Debug|x64.ActiveCfg = Debug|Any CPU
		{C4A906AC-C828-4ACE-8DB2-11876F619DE1}.Debug|x64.Build.0 = Debug|Any CPU
		{C4A906AC-C828-4ACE-8DB2-11876F619DE1}.Debug|x64.Deploy.0 = Debug|Any CPU
		{C4A906AC-C828-4ACE-8DB2-11876F619DE1}.Debug|x86.ActiveCfg = Debug|Any CPU
		{C4A906AC-C828-4ACE-8DB2-11876F619DE1}.Debug|x86.Build.0 = Debug|Any CPU
		{C4A906AC-C828-4ACE-8DB2-11876F619DE1}.Debug|x86.Deploy.0 = Debug|Any CPU
		{C4A906AC-C828-4ACE-8DB2-11876F619DE1}.Release|Any CPU.ActiveCfg = Release|Any CPU
		{C4A906AC-C828-4ACE-8DB2-11876F619DE1}.Release|Any CPU.Build.0 = Release|Any CPU
		{C4A906AC-C828-4ACE-8DB2-11876F619DE1}.Release|Any CPU.Deploy.0 = Release|Any CPU
		{C4A906AC-C828-4ACE-8DB2-11876F619DE1}.Release|ARM.ActiveCfg = Release|Any CPU
		{C4A906AC-C828-4ACE-8DB2-11876F619DE1}.Release|ARM.Build.0 = Release|Any CPU
		{C4A906AC-C828-4ACE-8DB2-11876F619DE1}.Release|ARM.Deploy.0 = Release|Any CPU
		{C4A906AC-C828-4ACE-8DB2-11876F619DE1}.Release|x64.ActiveCfg = Release|Any CPU
		{C4A906AC-C828-4ACE-8DB2-11876F619DE1}.Release|x64.Build.0 = Release|Any CPU
		{C4A906AC-C828-4ACE-8DB2-11876F619DE1}.Release|x64.Deploy.0 = Release|Any CPU
		{C4A906AC-C828-4ACE-8DB2-11876F619DE1}.Release|x86.ActiveCfg = Release|Any CPU
		{C4A906AC-C828-4ACE-8DB2-11876F619DE1}.Release|x86.Build.0 = Release|Any CPU
		{C4A906AC-C828-4ACE-8DB2-11876F619DE1}.Release|x86.Deploy.0 = Release|Any CPU
	EndGlobalSection
	GlobalSection(SolutionProperties) = preSolution
		HideSolutionNode = FALSE
	EndGlobalSection
	GlobalSection(ExtensibilityGlobals) = postSolution
		SolutionGuid = {79A7DC86-BE72-43C2-AAC3-A92645ED0A87}
	EndGlobalSection
EndGlobal
